// !$*UTF8*$!
{
	archiveVersion = 1;
	classes = {
	};
	objectVersion = 48;
	objects = {

/* Begin PBXBuildFile section */
		AD38FFB61FA447C700F7D342 /* PhoneVC.swift in Sources */ = {isa = PBXBuildFile; fileRef = AD38FFB51FA447C700F7D342 /* PhoneVC.swift */; };
		ADA36EF91FA1E43D0063F974 /* AppDelegate.swift in Sources */ = {isa = PBXBuildFile; fileRef = ADA36EF81FA1E43D0063F974 /* AppDelegate.swift */; };
		ADA36EFE1FA1E43D0063F974 /* Main.storyboard in Resources */ = {isa = PBXBuildFile; fileRef = ADA36EFC1FA1E43D0063F974 /* Main.storyboard */; };
		ADA36F001FA1E43D0063F974 /* Assets.xcassets in Resources */ = {isa = PBXBuildFile; fileRef = ADA36EFF1FA1E43D0063F974 /* Assets.xcassets */; };
		ADA36F0B1FA1E4720063F974 /* AMStringUtilities.swift in Sources */ = {isa = PBXBuildFile; fileRef = ADA36F0A1FA1E4720063F974 /* AMStringUtilities.swift */; };
		ADA36F0D1FA4412B0063F974 /* EmailVC.swift in Sources */ = {isa = PBXBuildFile; fileRef = ADA36F0C1FA4412B0063F974 /* EmailVC.swift */; };
		ADBE1DA01FA706C100EA7182 /* DateVC.swift in Sources */ = {isa = PBXBuildFile; fileRef = ADBE1D9F1FA706C100EA7182 /* DateVC.swift */; };
/* End PBXBuildFile section */

/* Begin PBXFileReference section */
		AD38FFB51FA447C700F7D342 /* PhoneVC.swift */ = {isa = PBXFileReference; lastKnownFileType = sourcecode.swift; path = PhoneVC.swift; sourceTree = "<group>"; };
		ADA36EF51FA1E43D0063F974 /* AMStringUtilities-Demo.app */ = {isa = PBXFileReference; explicitFileType = wrapper.application; includeInIndex = 0; path = "AMStringUtilities-Demo.app"; sourceTree = BUILT_PRODUCTS_DIR; };
		ADA36EF81FA1E43D0063F974 /* AppDelegate.swift */ = {isa = PBXFileReference; lastKnownFileType = sourcecode.swift; path = AppDelegate.swift; sourceTree = "<group>"; };
		ADA36EFD1FA1E43D0063F974 /* Base */ = {isa = PBXFileReference; lastKnownFileType = file.storyboard; name = Base; path = Base.lproj/Main.storyboard; sourceTree = "<group>"; };
		ADA36EFF1FA1E43D0063F974 /* Assets.xcassets */ = {isa = PBXFileReference; lastKnownFileType = folder.assetcatalog; path = Assets.xcassets; sourceTree = "<group>"; };
		ADA36F041FA1E43D0063F974 /* Info.plist */ = {isa = PBXFileReference; lastKnownFileType = text.plist.xml; path = Info.plist; sourceTree = "<group>"; };
		ADA36F0A1FA1E4720063F974 /* AMStringUtilities.swift */ = {isa = PBXFileReference; lastKnownFileType = sourcecode.swift; path = AMStringUtilities.swift; sourceTree = "<group>"; };
		ADA36F0C1FA4412B0063F974 /* EmailVC.swift */ = {isa = PBXFileReference; lastKnownFileType = sourcecode.swift; path = EmailVC.swift; sourceTree = "<group>"; };
		ADBE1D9F1FA706C100EA7182 /* DateVC.swift */ = {isa = PBXFileReference; lastKnownFileType = sourcecode.swift; path = DateVC.swift; sourceTree = "<group>"; };
/* End PBXFileReference section */

/* Begin PBXFrameworksBuildPhase section */
		ADA36EF21FA1E43D0063F974 /* Frameworks */ = {
			isa = PBXFrameworksBuildPhase;
			buildActionMask = 2147483647;
			files = (
			);
			runOnlyForDeploymentPostprocessing = 0;
		};
/* End PBXFrameworksBuildPhase section */

/* Begin PBXGroup section */
		011B668A1FA70DC6004844CD /* Controllers */ = {
			isa = PBXGroup;
			children = (
				ADA36F0C1FA4412B0063F974 /* EmailVC.swift */,
				AD38FFB51FA447C700F7D342 /* PhoneVC.swift */,
				ADBE1D9F1FA706C100EA7182 /* DateVC.swift */,
			);
			path = Controllers;
			sourceTree = "<group>";
		};
		ADA36EEC1FA1E43D0063F974 = {
			isa = PBXGroup;
			children = (
				ADA36EF71FA1E43D0063F974 /* AMStringUtilities-Demo */,
				ADA36EF61FA1E43D0063F974 /* Products */,
			);
			sourceTree = "<group>";
		};
		ADA36EF61FA1E43D0063F974 /* Products */ = {
			isa = PBXGroup;
			children = (
				ADA36EF51FA1E43D0063F974 /* AMStringUtilities-Demo.app */,
			);
			name = Products;
			sourceTree = "<group>";
		};
		ADA36EF71FA1E43D0063F974 /* AMStringUtilities-Demo */ = {
			isa = PBXGroup;
			children = (
				011B668A1FA70DC6004844CD /* Controllers */,
				ADA36F0A1FA1E4720063F974 /* AMStringUtilities.swift */,
				ADA36EF81FA1E43D0063F974 /* AppDelegate.swift */,
				ADA36EFC1FA1E43D0063F974 /* Main.storyboard */,
				ADA36EFF1FA1E43D0063F974 /* Assets.xcassets */,
				ADA36F041FA1E43D0063F974 /* Info.plist */,
			);
			path = "AMStringUtilities-Demo";
			sourceTree = "<group>";
		};
/* End PBXGroup section */

/* Begin PBXNativeTarget section */
		ADA36EF41FA1E43D0063F974 /* AMStringUtilities-Demo */ = {
			isa = PBXNativeTarget;
			buildConfigurationList = ADA36F071FA1E43D0063F974 /* Build configuration list for PBXNativeTarget "AMStringUtilities-Demo" */;
			buildPhases = (
				ADA36EF11FA1E43D0063F974 /* Sources */,
				ADA36EF21FA1E43D0063F974 /* Frameworks */,
				ADA36EF31FA1E43D0063F974 /* Resources */,
			);
			buildRules = (
			);
			dependencies = (
			);
			name = "AMStringUtilities-Demo";
			productName = StringExt;
			productReference = ADA36EF51FA1E43D0063F974 /* AMStringUtilities-Demo.app */;
			productType = "com.apple.product-type.application";
		};
/* End PBXNativeTarget section */

/* Begin PBXProject section */
		ADA36EED1FA1E43D0063F974 /* Project object */ = {
			isa = PBXProject;
			attributes = {
				LastSwiftUpdateCheck = 0900;
				LastUpgradeCheck = 0900;
				ORGANIZATIONNAME = "Артем Михайлов";
				TargetAttributes = {
					ADA36EF41FA1E43D0063F974 = {
						CreatedOnToolsVersion = 9.0.1;
						ProvisioningStyle = Automatic;
					};
				};
			};
			buildConfigurationList = ADA36EF01FA1E43D0063F974 /* Build configuration list for PBXProject "AMStringUtilities-Demo" */;
			compatibilityVersion = "Xcode 8.0";
			developmentRegion = en;
			hasScannedForEncodings = 0;
			knownRegions = (
				en,
				Base,
			);
			mainGroup = ADA36EEC1FA1E43D0063F974;
			productRefGroup = ADA36EF61FA1E43D0063F974 /* Products */;
			projectDirPath = "";
			projectRoot = "";
			targets = (
				ADA36EF41FA1E43D0063F974 /* AMStringUtilities-Demo */,
			);
		};
/* End PBXProject section */

/* Begin PBXResourcesBuildPhase section */
		ADA36EF31FA1E43D0063F974 /* Resources */ = {
			isa = PBXResourcesBuildPhase;
			buildActionMask = 2147483647;
			files = (
				ADA36F001FA1E43D0063F974 /* Assets.xcassets in Resources */,
				ADA36EFE1FA1E43D0063F974 /* Main.storyboard in Resources */,
			);
			runOnlyForDeploymentPostprocessing = 0;
		};
/* End PBXResourcesBuildPhase section */

/* Begin PBXSourcesBuildPhase section */
		ADA36EF11FA1E43D0063F974 /* Sources */ = {
			isa = PBXSourcesBuildPhase;
			buildActionMask = 2147483647;
			files = (
				ADA36F0D1FA4412B0063F974 /* EmailVC.swift in Sources */,
				ADA36F0B1FA1E4720063F974 /* AMStringUtilities.swift in Sources */,
				ADBE1DA01FA706C100EA7182 /* DateVC.swift in Sources */,
				ADA36EF91FA1E43D0063F974 /* AppDelegate.swift in Sources */,
				AD38FFB61FA447C700F7D342 /* PhoneVC.swift in Sources */,
			);
			runOnlyForDeploymentPostprocessing = 0;
		};
/* End PBXSourcesBuildPhase section */

/* Begin PBXVariantGroup section */
		ADA36EFC1FA1E43D0063F974 /* Main.storyboard */ = {
			isa = PBXVariantGroup;
			children = (
				ADA36EFD1FA1E43D0063F974 /* Base */,
			);
			name = Main.storyboard;
			sourceTree = "<group>";
		};
/* End PBXVariantGroup section */

/* Begin XCBuildConfiguration section */
		ADA36F051FA1E43D0063F974 /* Debug */ = {
			isa = XCBuildConfiguration;
			buildSettings = {
				ALWAYS_SEARCH_USER_PATHS = NO;
				CLANG_ANALYZER_NONNULL = YES;
				CLANG_ANALYZER_NUMBER_OBJECT_CONVERSION = YES_AGGRESSIVE;
				CLANG_CXX_LANGUAGE_STANDARD = "gnu++14";
				CLANG_CXX_LIBRARY = "libc++";
				CLANG_ENABLE_MODULES = YES;
				CLANG_ENABLE_OBJC_ARC = YES;
				CLANG_WARN_BLOCK_CAPTURE_AUTORELEASING = YES;
				CLANG_WARN_BOOL_CONVERSION = YES;
				CLANG_WARN_COMMA = YES;
				CLANG_WARN_CONSTANT_CONVERSION = YES;
				CLANG_WARN_DIRECT_OBJC_ISA_USAGE = YES_ERROR;
				CLANG_WARN_DOCUMENTATION_COMMENTS = YES;
				CLANG_WARN_EMPTY_BODY = YES;
				CLANG_WARN_ENUM_CONVERSION = YES;
				CLANG_WARN_INFINITE_RECURSION = YES;
				CLANG_WARN_INT_CONVERSION = YES;
				CLANG_WARN_NON_LITERAL_NULL_CONVERSION = YES;
				CLANG_WARN_OBJC_LITERAL_CONVERSION = YES;
				CLANG_WARN_OBJC_ROOT_CLASS = YES_ERROR;
				CLANG_WARN_RANGE_LOOP_ANALYSIS = YES;
				CLANG_WARN_STRICT_PROTOTYPES = YES;
				CLANG_WARN_SUSPICIOUS_MOVE = YES;
				CLANG_WARN_UNGUARDED_AVAILABILITY = YES_AGGRESSIVE;
				CLANG_WARN_UNREACHABLE_CODE = YES;
				CLANG_WARN__DUPLICATE_METHOD_MATCH = YES;
				CODE_SIGN_IDENTITY = "iPhone Developer";
				COPY_PHASE_STRIP = NO;
				DEBUG_INFORMATION_FORMAT = dwarf;
				ENABLE_STRICT_OBJC_MSGSEND = YES;
				ENABLE_TESTABILITY = YES;
				GCC_C_LANGUAGE_STANDARD = gnu11;
				GCC_DYNAMIC_NO_PIC = NO;
				GCC_NO_COMMON_BLOCKS = YES;
				GCC_OPTIMIZATION_LEVEL = 0;
				GCC_PREPROCESSOR_DEFINITIONS = (
					"DEBUG=1",
					"$(inherited)",
				);
				GCC_WARN_64_TO_32_BIT_CONVERSION = YES;
				GCC_WARN_ABOUT_RETURN_TYPE = YES_ERROR;
				GCC_WARN_UNDECLARED_SELECTOR = YES;
				GCC_WARN_UNINITIALIZED_AUTOS = YES_AGGRESSIVE;
				GCC_WARN_UNUSED_FUNCTION = YES;
				GCC_WARN_UNUSED_VARIABLE = YES;
				IPHONEOS_DEPLOYMENT_TARGET = 11.0;
				MTL_ENABLE_DEBUG_INFO = YES;
				ONLY_ACTIVE_ARCH = YES;
				SDKROOT = iphoneos;
				SWIFT_ACTIVE_COMPILATION_CONDITIONS = DEBUG;
				SWIFT_OPTIMIZATION_LEVEL = "-Onone";
			};
			name = Debug;
		};
		ADA36F061FA1E43D0063F974 /* Release */ = {
			isa = XCBuildConfiguration;
			buildSettings = {
				ALWAYS_SEARCH_USER_PATHS = NO;
				CLANG_ANALYZER_NONNULL = YES;
				CLANG_ANALYZER_NUMBER_OBJECT_CONVERSION = YES_AGGRESSIVE;
				CLANG_CXX_LANGUAGE_STANDARD = "gnu++14";
				CLANG_CXX_LIBRARY = "libc++";
				CLANG_ENABLE_MODULES = YES;
				CLANG_ENABLE_OBJC_ARC = YES;
				CLANG_WARN_BLOCK_CAPTURE_AUTORELEASING = YES;
				CLANG_WARN_BOOL_CONVERSION = YES;
				CLANG_WARN_COMMA = YES;
				CLANG_WARN_CONSTANT_CONVERSION = YES;
				CLANG_WARN_DIRECT_OBJC_ISA_USAGE = YES_ERROR;
				CLANG_WARN_DOCUMENTATION_COMMENTS = YES;
				CLANG_WARN_EMPTY_BODY = YES;
				CLANG_WARN_ENUM_CONVERSION = YES;
				CLANG_WARN_INFINITE_RECURSION = YES;
				CLANG_WARN_INT_CONVERSION = YES;
				CLANG_WARN_NON_LITERAL_NULL_CONVERSION = YES;
				CLANG_WARN_OBJC_LITERAL_CONVERSION = YES;
				CLANG_WARN_OBJC_ROOT_CLASS = YES_ERROR;
				CLANG_WARN_RANGE_LOOP_ANALYSIS = YES;
				CLANG_WARN_STRICT_PROTOTYPES = YES;
				CLANG_WARN_SUSPICIOUS_MOVE = YES;
				CLANG_WARN_UNGUARDED_AVAILABILITY = YES_AGGRESSIVE;
				CLANG_WARN_UNREACHABLE_CODE = YES;
				CLANG_WARN__DUPLICATE_METHOD_MATCH = YES;
				CODE_SIGN_IDENTITY = "iPhone Developer";
				COPY_PHASE_STRIP = NO;
				DEBUG_INFORMATION_FORMAT = "dwarf-with-dsym";
				ENABLE_NS_ASSERTIONS = NO;
				ENABLE_STRICT_OBJC_MSGSEND = YES;
				GCC_C_LANGUAGE_STANDARD = gnu11;
				GCC_NO_COMMON_BLOCKS = YES;
				GCC_WARN_64_TO_32_BIT_CONVERSION = YES;
				GCC_WARN_ABOUT_RETURN_TYPE = YES_ERROR;
				GCC_WARN_UNDECLARED_SELECTOR = YES;
				GCC_WARN_UNINITIALIZED_AUTOS = YES_AGGRESSIVE;
				GCC_WARN_UNUSED_FUNCTION = YES;
				GCC_WARN_UNUSED_VARIABLE = YES;
				IPHONEOS_DEPLOYMENT_TARGET = 11.0;
				MTL_ENABLE_DEBUG_INFO = NO;
				SDKROOT = iphoneos;
				SWIFT_OPTIMIZATION_LEVEL = "-Owholemodule";
				VALIDATE_PRODUCT = YES;
			};
			name = Release;
		};
		ADA36F081FA1E43D0063F974 /* Debug */ = {
			isa = XCBuildConfiguration;
			buildSettings = {
				ASSETCATALOG_COMPILER_APPICON_NAME = AppIcon;
				CODE_SIGN_STYLE = Automatic;
				DEVELOPMENT_TEAM = 8WX64768YS;
				INFOPLIST_FILE = "AMStringUtilities-Demo/Info.plist";
				LD_RUNPATH_SEARCH_PATHS = "$(inherited) @executable_path/Frameworks";
				PRODUCT_BUNDLE_IDENTIFIER = "AM.AMStringUtilities-Demo";
				PRODUCT_NAME = "$(TARGET_NAME)";
				SWIFT_VERSION = 4.0;
				TARGETED_DEVICE_FAMILY = "1,2";
			};
			name = Debug;
		};
		ADA36F091FA1E43D0063F974 /* Release */ = {
			isa = XCBuildConfiguration;
			buildSettings = {
				ASSETCATALOG_COMPILER_APPICON_NAME = AppIcon;
				CODE_SIGN_STYLE = Automatic;
				DEVELOPMENT_TEAM = 8WX64768YS;
				INFOPLIST_FILE = "AMStringUtilities-Demo/Info.plist";
				LD_RUNPATH_SEARCH_PATHS = "$(inherited) @executable_path/Frameworks";
				PRODUCT_BUNDLE_IDENTIFIER = "AM.AMStringUtilities-Demo";
				PRODUCT_NAME = "$(TARGET_NAME)";
				SWIFT_VERSION = 4.0;
				TARGETED_DEVICE_FAMILY = "1,2";
			};
			name = Release;
		};
/* End XCBuildConfiguration section */

/* Begin XCConfigurationList section */
		ADA36EF01FA1E43D0063F974 /* Build configuration list for PBXProject "AMStringUtilities-Demo" */ = {
			isa = XCConfigurationList;
			buildConfigurations = (
				ADA36F051FA1E43D0063F974 /* Debug */,
				ADA36F061FA1E43D0063F974 /* Release */,
			);
			defaultConfigurationIsVisible = 0;
			defaultConfigurationName = Release;
		};
		ADA36F071FA1E43D0063F974 /* Build configuration list for PBXNativeTarget "AMStringUtilities-Demo" */ = {
			isa = XCConfigurationList;
			buildConfigurations = (
				ADA36F081FA1E43D0063F974 /* Debug */,
				ADA36F091FA1E43D0063F974 /* Release */,
			);
			defaultConfigurationIsVisible = 0;
			defaultConfigurationName = Release;
		};
/* End XCConfigurationList section */
	};
	rootObject = ADA36EED1FA1E43D0063F974 /* Project object */;
}
